
Microsoft Visual Studio Solution File, Format Version 12.00
# Visual Studio Version 16
VisualStudioVersion = 16.0.30907.101
MinimumVisualStudioVersion = 10.0.40219.1
Project("{FAE04EC0-301F-11D3-BF4B-00C04F79EFBC}") = "RssFeed", "RssFeed\RssFeed.csproj", "{D543EE24-610B-43C7-BA1B-752C48C27EC0}"
EndProject
Project("{FAE04EC0-301F-11D3-BF4B-00C04F79EFBC}") = "RssFeed.Test", "RssFeed.Test\RssFeed.Test.csproj", "{032A604C-7576-4499-81CC-87DD252C26AA}"
EndProject
Global
	GlobalSection(SolutionConfigurationPlatforms) = preSolution
		Debug|Any CPU = Debug|Any CPU
		Release|Any CPU = Release|Any CPU
	EndGlobalSection
	GlobalSection(ProjectConfigurationPlatforms) = postSolution
		{D543EE24-610B-43C7-BA1B-752C48C27EC0}.Debug|Any CPU.ActiveCfg = Debug|Any CPU
		{D543EE24-610B-43C7-BA1B-752C48C27EC0}.Debug|Any CPU.Build.0 = Debug|Any CPU
		{D543EE24-610B-43C7-BA1B-752C48C27EC0}.Release|Any CPU.ActiveCfg = Release|Any CPU
		{D543EE24-610B-43C7-BA1B-752C48C27EC0}.Release|Any CPU.Build.0 = Release|Any CPU
		{032A604C-7576-4499-81CC-87DD252C26AA}.Debug|Any CPU.ActiveCfg = Debug|Any CPU
		{032A604C-7576-4499-81CC-87DD252C26AA}.Debug|Any CPU.Build.0 = Debug|Any CPU
		{032A604C-7576-4499-81CC-87DD252C26AA}.Release|Any CPU.ActiveCfg = Release|Any CPU
		{032A604C-7576-4499-81CC-87DD252C26AA}.Release|Any CPU.Build.0 = Release|Any CPU
	EndGlobalSection
	GlobalSection(SolutionProperties) = preSolution
		HideSolutionNode = FALSE
	EndGlobalSection
	GlobalSection(ExtensibilityGlobals) = postSolution
		SolutionGuid = {FF403CEC-5187-447C-93A5-B09D50E76306}
	EndGlobalSection
EndGlobal
